
Microsoft Visual Studio Solution File, Format Version 12.00
# Visual Studio Version 17
VisualStudioVersion = 17.9.34728.123
MinimumVisualStudioVersion = 10.0.40219.1
Project("{8BC9CEB8-8B4A-11D0-8D11-00A0C91BC942}") = "Chuong2Bai2", "Chuong2Bai2\Chuong2Bai2.vcxproj", "{4CBCE530-E602-4797-A512-F7E47C7BBDA2}"
EndProject
Project("{8BC9CEB8-8B4A-11D0-8D11-00A0C91BC942}") = "Chuong3PhanSon", "Chuong3PhanSon\Chuong3PhanSon.vcxproj", "{8767A90C-B5C8-46CE-A145-5F5828AADCA0}"
EndProject
Project("{8BC9CEB8-8B4A-11D0-8D11-00A0C91BC942}") = "Chuong3QuanLiSinhVien", "Chuong3QuanLiSinhVien\Chuong3QuanLiSinhVien.vcxproj", "{B76A22E9-C54E-4A16-9B3F-73A287310645}"
EndProject
Project("{8BC9CEB8-8B4A-11D0-8D11-00A0C91BC942}") = "Chuong3TaoDuAn", "Chuong3TaoDuAn\Chuong3TaoDuAn.vcxproj", "{C9B233D1-FE86-4F34-BFEF-64005595B065}"
EndProject
Project("{8BC9CEB8-8B4A-11D0-8D11-00A0C91BC942}") = "Chuong4Fraction", "Chuong4Fraction\Chuong4Fraction.vcxproj", "{0E3C30B9-85CE-49DA-B999-FD859A278D7C}"
EndProject
Project("{8BC9CEB8-8B4A-11D0-8D11-00A0C91BC942}") = "Chuong4Menu", "Chuong4Menu\Chuong4Menu.vcxproj", "{37690DFC-A4B1-48B5-8C02-2383D82EF682}"
EndProject
Project("{8BC9CEB8-8B4A-11D0-8D11-00A0C91BC942}") = "Chuong4SoSanh", "Chuong4SoSanh\Chuong4SoSanh.vcxproj", "{593E5384-47E0-4949-839D-6ACD600C6AFB}"
EndProject
Project("{8BC9CEB8-8B4A-11D0-8D11-00A0C91BC942}") = "QuanLyChuyenXe", "QuanLyChuyenXe\QuanLyChuyenXe.vcxproj", "{B54C0263-312E-4618-8905-2278F050E5E3}"
EndProject
Project("{8BC9CEB8-8B4A-11D0-8D11-00A0C91BC942}") = "QuanLySach", "QuanLySach\QuanLySach.vcxproj", "{FE5E43D6-608B-4EC1-806F-E61D65F1C765}"
EndProject
Project("{8BC9CEB8-8B4A-11D0-8D11-00A0C91BC942}") = "QuanLyNhanVien", "QuanLyNhanVien\QuanLyNhanVien.vcxproj", "{B069E3A0-0A6E-463D-8E77-CFFF9DA89079}"
EndProject
Project("{8BC9CEB8-8B4A-11D0-8D11-00A0C91BC942}") = "Chuong2Bai1", "Chuong2Bai1\Chuong2Bai1.vcxproj", "{7342D678-8AE9-42AA-BA38-D0EFB8A60E5B}"
EndProject
Project("{8BC9CEB8-8B4A-11D0-8D11-00A0C91BC942}") = "QuanLyShowrooom", "QuanLyShowrooom\QuanLyShowrooom.vcxproj", "{DF468338-7B2E-4BCB-9FD2-1C7297EAFE0E}"
EndProject
Project("{8BC9CEB8-8B4A-11D0-8D11-00A0C91BC942}") = "QuanLyPhongHoc", "QuanLyPhongHoc\QuanLyPhongHoc.vcxproj", "{0DB5859F-579D-43DC-81CD-9B8762AFA963}"
EndProject
Global
	GlobalSection(SolutionConfigurationPlatforms) = preSolution
		Debug|x64 = Debug|x64
		Debug|x86 = Debug|x86
		Release|x64 = Release|x64
		Release|x86 = Release|x86
	EndGlobalSection
	GlobalSection(ProjectConfigurationPlatforms) = postSolution
		{4CBCE530-E602-4797-A512-F7E47C7BBDA2}.Debug|x64.ActiveCfg = Debug|x64
		{4CBCE530-E602-4797-A512-F7E47C7BBDA2}.Debug|x64.Build.0 = Debug|x64
		{4CBCE530-E602-4797-A512-F7E47C7BBDA2}.Debug|x86.ActiveCfg = Debug|Win32
		{4CBCE530-E602-4797-A512-F7E47C7BBDA2}.Debug|x86.Build.0 = Debug|Win32
		{4CBCE530-E602-4797-A512-F7E47C7BBDA2}.Release|x64.ActiveCfg = Release|x64
		{4CBCE530-E602-4797-A512-F7E47C7BBDA2}.Release|x64.Build.0 = Release|x64
		{4CBCE530-E602-4797-A512-F7E47C7BBDA2}.Release|x86.ActiveCfg = Release|Win32
		{4CBCE530-E602-4797-A512-F7E47C7BBDA2}.Release|x86.Build.0 = Release|Win32
		{8767A90C-B5C8-46CE-A145-5F5828AADCA0}.Debug|x64.ActiveCfg = Debug|x64
		{8767A90C-B5C8-46CE-A145-5F5828AADCA0}.Debug|x64.Build.0 = Debug|x64
		{8767A90C-B5C8-46CE-A145-5F5828AADCA0}.Debug|x86.ActiveCfg = Debug|Win32
		{8767A90C-B5C8-46CE-A145-5F5828AADCA0}.Debug|x86.Build.0 = Debug|Win32
		{8767A90C-B5C8-46CE-A145-5F5828AADCA0}.Release|x64.ActiveCfg = Release|x64
		{8767A90C-B5C8-46CE-A145-5F5828AADCA0}.Release|x64.Build.0 = Release|x64
		{8767A90C-B5C8-46CE-A145-5F5828AADCA0}.Release|x86.ActiveCfg = Release|Win32
		{8767A90C-B5C8-46CE-A145-5F5828AADCA0}.Release|x86.Build.0 = Release|Win32
		{B76A22E9-C54E-4A16-9B3F-73A287310645}.Debug|x64.ActiveCfg = Debug|x64
		{B76A22E9-C54E-4A16-9B3F-73A287310645}.Debug|x64.Build.0 = Debug|x64
		{B76A22E9-C54E-4A16-9B3F-73A287310645}.Debug|x86.ActiveCfg = Debug|Win32
		{B76A22E9-C54E-4A16-9B3F-73A287310645}.Debug|x86.Build.0 = Debug|Win32
		{B76A22E9-C54E-4A16-9B3F-73A287310645}.Release|x64.ActiveCfg = Release|x64
		{B76A22E9-C54E-4A16-9B3F-73A287310645}.Release|x64.Build.0 = Release|x64
		{B76A22E9-C54E-4A16-9B3F-73A287310645}.Release|x86.ActiveCfg = Release|Win32
		{B76A22E9-C54E-4A16-9B3F-73A287310645}.Release|x86.Build.0 = Release|Win32
		{C9B233D1-FE86-4F34-BFEF-64005595B065}.Debug|x64.ActiveCfg = Debug|x64
		{C9B233D1-FE86-4F34-BFEF-64005595B065}.Debug|x64.Build.0 = Debug|x64
		{C9B233D1-FE86-4F34-BFEF-64005595B065}.Debug|x86.ActiveCfg = Debug|Win32
		{C9B233D1-FE86-4F34-BFEF-64005595B065}.Debug|x86.Build.0 = Debug|Win32
		{C9B233D1-FE86-4F34-BFEF-64005595B065}.Release|x64.ActiveCfg = Release|x64
		{C9B233D1-FE86-4F34-BFEF-64005595B065}.Release|x64.Build.0 = Release|x64
		{C9B233D1-FE86-4F34-BFEF-64005595B065}.Release|x86.ActiveCfg = Release|Win32
		{C9B233D1-FE86-4F34-BFEF-64005595B065}.Release|x86.Build.0 = Release|Win32
		{0E3C30B9-85CE-49DA-B999-FD859A278D7C}.Debug|x64.ActiveCfg = Debug|x64
		{0E3C30B9-85CE-49DA-B999-FD859A278D7C}.Debug|x64.Build.0 = Debug|x64
		{0E3C30B9-85CE-49DA-B999-FD859A278D7C}.Debug|x86.ActiveCfg = Debug|Win32
		{0E3C30B9-85CE-49DA-B999-FD859A278D7C}.Debug|x86.Build.0 = Debug|Win32
		{0E3C30B9-85CE-49DA-B999-FD859A278D7C}.Release|x64.ActiveCfg = Release|x64
		{0E3C30B9-85CE-49DA-B999-FD859A278D7C}.Release|x64.Build.0 = Release|x64
		{0E3C30B9-85CE-49DA-B999-FD859A278D7C}.Release|x86.ActiveCfg = Release|Win32
		{0E3C30B9-85CE-49DA-B999-FD859A278D7C}.Release|x86.Build.0 = Release|Win32
		{37690DFC-A4B1-48B5-8C02-2383D82EF682}.Debug|x64.ActiveCfg = Debug|x64
		{37690DFC-A4B1-48B5-8C02-2383D82EF682}.Debug|x64.Build.0 = Debug|x64
		{37690DFC-A4B1-48B5-8C02-2383D82EF682}.Debug|x86.ActiveCfg = Debug|Win32
		{37690DFC-A4B1-48B5-8C02-2383D82EF682}.Debug|x86.Build.0 = Debug|Win32
		{37690DFC-A4B1-48B5-8C02-2383D82EF682}.Release|x64.ActiveCfg = Release|x64
		{37690DFC-A4B1-48B5-8C02-2383D82EF682}.Release|x64.Build.0 = Release|x64
		{37690DFC-A4B1-48B5-8C02-2383D82EF682}.Release|x86.ActiveCfg = Release|Win32
		{37690DFC-A4B1-48B5-8C02-2383D82EF682}.Release|x86.Build.0 = Release|Win32
		{593E5384-47E0-4949-839D-6ACD600C6AFB}.Debug|x64.ActiveCfg = Debug|x64
		{593E5384-47E0-4949-839D-6ACD600C6AFB}.Debug|x64.Build.0 = Debug|x64
		{593E5384-47E0-4949-839D-6ACD600C6AFB}.Debug|x86.ActiveCfg = Debug|Win32
		{593E5384-47E0-4949-839D-6ACD600C6AFB}.Debug|x86.Build.0 = Debug|Win32
		{593E5384-47E0-4949-839D-6ACD600C6AFB}.Release|x64.ActiveCfg = Release|x64
		{593E5384-47E0-4949-839D-6ACD600C6AFB}.Release|x64.Build.0 = Release|x64
		{593E5384-47E0-4949-839D-6ACD600C6AFB}.Release|x86.ActiveCfg = Release|Win32
		{593E5384-47E0-4949-839D-6ACD600C6AFB}.Release|x86.Build.0 = Release|Win32
		{B54C0263-312E-4618-8905-2278F050E5E3}.Debug|x64.ActiveCfg = Debug|x64
		{B54C0263-312E-4618-8905-2278F050E5E3}.Debug|x64.Build.0 = Debug|x64
		{B54C0263-312E-4618-8905-2278F050E5E3}.Debug|x86.ActiveCfg = Debug|Win32
		{B54C0263-312E-4618-8905-2278F050E5E3}.Debug|x86.Build.0 = Debug|Win32
		{B54C0263-312E-4618-8905-2278F050E5E3}.Release|x64.ActiveCfg = Release|x64
		{B54C0263-312E-4618-8905-2278F050E5E3}.Release|x64.Build.0 = Release|x64
		{B54C0263-312E-4618-8905-2278F050E5E3}.Release|x86.ActiveCfg = Release|Win32
		{B54C0263-312E-4618-8905-2278F050E5E3}.Release|x86.Build.0 = Release|Win32
		{FE5E43D6-608B-4EC1-806F-E61D65F1C765}.Debug|x64.ActiveCfg = Debug|x64
		{FE5E43D6-608B-4EC1-806F-E61D65F1C765}.Debug|x64.Build.0 = Debug|x64
		{FE5E43D6-608B-4EC1-806F-E61D65F1C765}.Debug|x86.ActiveCfg = Debug|Win32
		{FE5E43D6-608B-4EC1-806F-E61D65F1C765}.Debug|x86.Build.0 = Debug|Win32
		{FE5E43D6-608B-4EC1-806F-E61D65F1C765}.Release|x64.ActiveCfg = Release|x64
		{FE5E43D6-608B-4EC1-806F-E61D65F1C765}.Release|x64.Build.0 = Release|x64
		{FE5E43D6-608B-4EC1-806F-E61D65F1C765}.Release|x86.ActiveCfg = Release|Win32
		{FE5E43D6-608B-4EC1-806F-E61D65F1C765}.Release|x86.Build.0 = Release|Win32
		{B069E3A0-0A6E-463D-8E77-CFFF9DA89079}.Debug|x64.ActiveCfg = Debug|x64
		{B069E3A0-0A6E-463D-8E77-CFFF9DA89079}.Debug|x64.Build.0 = Debug|x64
		{B069E3A0-0A6E-463D-8E77-CFFF9DA89079}.Debug|x86.ActiveCfg = Debug|Win32
		{B069E3A0-0A6E-463D-8E77-CFFF9DA89079}.Debug|x86.Build.0 = Debug|Win32
		{B069E3A0-0A6E-463D-8E77-CFFF9DA89079}.Release|x64.ActiveCfg = Release|x64
		{B069E3A0-0A6E-463D-8E77-CFFF9DA89079}.Release|x64.Build.0 = Release|x64
		{B069E3A0-0A6E-463D-8E77-CFFF9DA89079}.Release|x86.ActiveCfg = Release|Win32
		{B069E3A0-0A6E-463D-8E77-CFFF9DA89079}.Release|x86.Build.0 = Release|Win32
		{7342D678-8AE9-42AA-BA38-D0EFB8A60E5B}.Debug|x64.ActiveCfg = Debug|x64
		{7342D678-8AE9-42AA-BA38-D0EFB8A60E5B}.Debug|x64.Build.0 = Debug|x64
		{7342D678-8AE9-42AA-BA38-D0EFB8A60E5B}.Debug|x86.ActiveCfg = Debug|Win32
		{7342D678-8AE9-42AA-BA38-D0EFB8A60E5B}.Debug|x86.Build.0 = Debug|Win32
		{7342D678-8AE9-42AA-BA38-D0EFB8A60E5B}.Release|x64.ActiveCfg = Release|x64
		{7342D678-8AE9-42AA-BA38-D0EFB8A60E5B}.Release|x64.Build.0 = Release|x64
		{7342D678-8AE9-42AA-BA38-D0EFB8A60E5B}.Release|x86.ActiveCfg = Release|Win32
		{7342D678-8AE9-42AA-BA38-D0EFB8A60E5B}.Release|x86.Build.0 = Release|Win32
		{DF468338-7B2E-4BCB-9FD2-1C7297EAFE0E}.Debug|x64.ActiveCfg = Debug|x64
		{DF468338-7B2E-4BCB-9FD2-1C7297EAFE0E}.Debug|x64.Build.0 = Debug|x64
		{DF468338-7B2E-4BCB-9FD2-1C7297EAFE0E}.Debug|x86.ActiveCfg = Debug|Win32
		{DF468338-7B2E-4BCB-9FD2-1C7297EAFE0E}.Debug|x86.Build.0 = Debug|Win32
		{DF468338-7B2E-4BCB-9FD2-1C7297EAFE0E}.Release|x64.ActiveCfg = Release|x64
		{DF468338-7B2E-4BCB-9FD2-1C7297EAFE0E}.Release|x64.Build.0 = Release|x64
		{DF468338-7B2E-4BCB-9FD2-1C7297EAFE0E}.Release|x86.ActiveCfg = Release|Win32
		{DF468338-7B2E-4BCB-9FD2-1C7297EAFE0E}.Release|x86.Build.0 = Release|Win32
		{0DB5859F-579D-43DC-81CD-9B8762AFA963}.Debug|x64.ActiveCfg = Debug|x64
		{0DB5859F-579D-43DC-81CD-9B8762AFA963}.Debug|x64.Build.0 = Debug|x64
		{0DB5859F-579D-43DC-81CD-9B8762AFA963}.Debug|x86.ActiveCfg = Debug|Win32
		{0DB5859F-579D-43DC-81CD-9B8762AFA963}.Debug|x86.Build.0 = Debug|Win32
		{0DB5859F-579D-43DC-81CD-9B8762AFA963}.Release|x64.ActiveCfg = Release|x64
		{0DB5859F-579D-43DC-81CD-9B8762AFA963}.Release|x64.Build.0 = Release|x64
		{0DB5859F-579D-43DC-81CD-9B8762AFA963}.Release|x86.ActiveCfg = Release|Win32
		{0DB5859F-579D-43DC-81CD-9B8762AFA963}.Release|x86.Build.0 = Release|Win32
	EndGlobalSection
	GlobalSection(SolutionProperties) = preSolution
		HideSolutionNode = FALSE
	EndGlobalSection
	GlobalSection(ExtensibilityGlobals) = postSolution
		SolutionGuid = {993A00B4-CE52-41E1-A58E-3A32ECBB81E2}
	EndGlobalSection
EndGlobal
